{
  "name": "elections-ap-api-mocks",
  "version": "1.0.0",
  "lockfileVersion": 1,
  "requires": true,
  "dependencies": {
    "es6-promise": {
      "version": "4.2.5",
      "resolved": "https://washingtonpost.jfrog.io/washingtonpost/api/npm/npm-repos/es6-promise/-/es6-promise-4.2.5.tgz",
      "integrity": "sha1-2m0NVpLvtGHggsFIF/4kJ9j10FQ=",
      "dev": true
    }
  }
}
